
Microsoft Visual Studio Solution File, Format Version 12.00
# Visual Studio 15
VisualStudioVersion = 15.0.27703.2042
MinimumVisualStudioVersion = 10.0.40219.1
Project("{9A19103F-16F7-4668-BE54-9A1E7A4F7556}") = "MortgageCalculator", "MortgageCalculator\MortgageCalculator.csproj", "{D07E8A0E-0F70-4011-A90E-0BD6CCB4417E}"
EndProject
Project("{FAE04EC0-301F-11D3-BF4B-00C04F79EFBC}") = "MortgageCalculator.Tests", "MortgageCalculator.Tests\MortgageCalculator.Tests.csproj", "{A23EF680-2074-484C-9E28-84CA3FC94B77}"
EndProject
Global
	GlobalSection(SolutionConfigurationPlatforms) = preSolution
		Debug|Any CPU = Debug|Any CPU
		Release|Any CPU = Release|Any CPU
	EndGlobalSection
	GlobalSection(ProjectConfigurationPlatforms) = postSolution
		{D07E8A0E-0F70-4011-A90E-0BD6CCB4417E}.Debug|Any CPU.ActiveCfg = Debug|Any CPU
		{D07E8A0E-0F70-4011-A90E-0BD6CCB4417E}.Debug|Any CPU.Build.0 = Debug|Any CPU
		{D07E8A0E-0F70-4011-A90E-0BD6CCB4417E}.Release|Any CPU.ActiveCfg = Release|Any CPU
		{D07E8A0E-0F70-4011-A90E-0BD6CCB4417E}.Release|Any CPU.Build.0 = Release|Any CPU
		{A23EF680-2074-484C-9E28-84CA3FC94B77}.Debug|Any CPU.ActiveCfg = Debug|Any CPU
		{A23EF680-2074-484C-9E28-84CA3FC94B77}.Debug|Any CPU.Build.0 = Debug|Any CPU
		{A23EF680-2074-484C-9E28-84CA3FC94B77}.Release|Any CPU.ActiveCfg = Release|Any CPU
		{A23EF680-2074-484C-9E28-84CA3FC94B77}.Release|Any CPU.Build.0 = Release|Any CPU
	EndGlobalSection
	GlobalSection(SolutionProperties) = preSolution
		HideSolutionNode = FALSE
	EndGlobalSection
	GlobalSection(ExtensibilityGlobals) = postSolution
		SolutionGuid = {8DA3E6E8-76A0-467C-8859-D4F7BA5EE34B}
	EndGlobalSection
EndGlobal
